<?xml version="1.0" encoding="UTF-8" standalone="yes" ?>
<CodeBlocks_project_file>
	<FileVersion major="1" minor="6" />
	<Project>
		<Option title="TestDriver" />
		<Option pch_mode="2" />
		<Option compiler="gcc" />
		<Build>
			<Target title="Debug">
				<Option output="bin/Debug/TestDriver" prefix_auto="1" extension_auto="1" />
				<Option object_output="obj/Debug/" />
				<Option type="1" />
				<Option compiler="gcc" />
				<Compiler>
					<Add option="-g" />
					<Add directory="../../prj" />
				</Compiler>
				<Linker>
					<Add option="-static-libstdc++" />
					<Add option="-static-libgcc" />
					<Add option="-static" />
					<Add library="../ModulesZadorozhny/bin/Debug/libModulesZadorozhny.a" />
				</Linker>
			</Target>
			<Target title="Release">
				<Option output="bin/Release/TestDriver" prefix_auto="1" extension_auto="1" />
				<Option object_output="obj/Release/" />
				<Option type="1" />
				<Option compiler="gcc" />
				<Compiler>
					<Add option="-O2" />
				</Compiler>
				<Linker>
					<Add option="-s" />
				</Linker>
			</Target>
		</Build>
		<Compiler>
			<Add option="-Wall" />
			<Add option="-fexceptions" />
		</Compiler>
		<Unit filename="../ModulesZadorozhny.h" />
		<Unit filename="TextFilesToTestDriver/ExpResTest_10_1/expected_result_test_10_1_1.txt" />
		<Unit filename="TextFilesToTestDriver/ExpResTest_10_1/expected_result_test_10_1_2.txt" />
		<Unit filename="TextFilesToTestDriver/ExpResTest_10_1/expected_result_test_10_1_3.txt" />
		<Unit filename="TextFilesToTestDriver/ExpResTest_10_2/expected_result_test_10_2_1.txt" />
		<Unit filename="TextFilesToTestDriver/ExpResTest_10_2/expected_result_test_10_2_2.txt" />
		<Unit filename="TextFilesToTestDriver/ExpResTest_10_2/expected_result_test_10_2_3.txt" />
		<Unit filename="TextFilesToTestDriver/ExpResTest_10_3/expected_result_test_10_3_1.txt" />
		<Unit filename="TextFilesToTestDriver/ExpResTest_10_3/expected_result_test_10_3_2.txt" />
		<Unit filename="TextFilesToTestDriver/ExpResTest_10_3/expected_result_test_10_3_3.txt" />
		<Unit filename="TextFilesToTestDriver/Input/input_1.txt" />
		<Unit filename="TextFilesToTestDriver/Input/input_2.txt" />
		<Unit filename="TextFilesToTestDriver/Input/input_3.txt" />
		<Unit filename="main.cpp" />
		<Extensions />
	</Project>
</CodeBlocks_project_file>
